
Microsoft Visual Studio Solution File, Format Version 12.00
# Visual Studio Version 17
VisualStudioVersion = 17.8.34408.163
MinimumVisualStudioVersion = 10.0.40219.1
Project("{FAE04EC0-301F-11D3-BF4B-00C04F79EFBC}") = "For Döngüsü İle Üslü Sayılar", "For Döngüsü İle Üslü Sayılar\For Döngüsü İle Üslü Sayılar.csproj", "{D30CFDCD-B7D8-48B6-96C1-363CAF3CA84E}"
EndProject
Global
	GlobalSection(SolutionConfigurationPlatforms) = preSolution
		Debug|Any CPU = Debug|Any CPU
		Release|Any CPU = Release|Any CPU
	EndGlobalSection
	GlobalSection(ProjectConfigurationPlatforms) = postSolution
		{D30CFDCD-B7D8-48B6-96C1-363CAF3CA84E}.Debug|Any CPU.ActiveCfg = Debug|Any CPU
		{D30CFDCD-B7D8-48B6-96C1-363CAF3CA84E}.Debug|Any CPU.Build.0 = Debug|Any CPU
		{D30CFDCD-B7D8-48B6-96C1-363CAF3CA84E}.Release|Any CPU.ActiveCfg = Release|Any CPU
		{D30CFDCD-B7D8-48B6-96C1-363CAF3CA84E}.Release|Any CPU.Build.0 = Release|Any CPU
	EndGlobalSection
	GlobalSection(SolutionProperties) = preSolution
		HideSolutionNode = FALSE
	EndGlobalSection
	GlobalSection(ExtensibilityGlobals) = postSolution
		SolutionGuid = {4D7A2CFC-9D25-426A-A22C-BE077B6F6E84}
	EndGlobalSection
EndGlobal
