
Microsoft Visual Studio Solution File, Format Version 12.00
# Visual Studio Version 17
VisualStudioVersion = 17.8.34408.163
MinimumVisualStudioVersion = 10.0.40219.1
Project("{FAE04EC0-301F-11D3-BF4B-00C04F79EFBC}") = "Otopark Uygulaması", "Otopark Uygulaması\Otopark Uygulaması.csproj", "{F7BF99CE-A038-4B39-BB2A-5BD0F331709E}"
EndProject
Global
	GlobalSection(SolutionConfigurationPlatforms) = preSolution
		Debug|Any CPU = Debug|Any CPU
		Release|Any CPU = Release|Any CPU
	EndGlobalSection
	GlobalSection(ProjectConfigurationPlatforms) = postSolution
		{F7BF99CE-A038-4B39-BB2A-5BD0F331709E}.Debug|Any CPU.ActiveCfg = Debug|Any CPU
		{F7BF99CE-A038-4B39-BB2A-5BD0F331709E}.Debug|Any CPU.Build.0 = Debug|Any CPU
		{F7BF99CE-A038-4B39-BB2A-5BD0F331709E}.Release|Any CPU.ActiveCfg = Release|Any CPU
		{F7BF99CE-A038-4B39-BB2A-5BD0F331709E}.Release|Any CPU.Build.0 = Release|Any CPU
	EndGlobalSection
	GlobalSection(SolutionProperties) = preSolution
		HideSolutionNode = FALSE
	EndGlobalSection
	GlobalSection(ExtensibilityGlobals) = postSolution
		SolutionGuid = {50374E3B-A31D-4E74-9762-CC51E2C4239F}
	EndGlobalSection
EndGlobal
