
Microsoft Visual Studio Solution File, Format Version 12.00
# Visual Studio Version 17
VisualStudioVersion = 17.8.34408.163
MinimumVisualStudioVersion = 10.0.40219.1
Project("{FAE04EC0-301F-11D3-BF4B-00C04F79EFBC}") = "Basamaklara Ayırma", "Basamaklara Ayırma\Basamaklara Ayırma.csproj", "{72281100-3CC8-46FD-B5E5-EDC5A51D84F1}"
EndProject
Global
	GlobalSection(SolutionConfigurationPlatforms) = preSolution
		Debug|Any CPU = Debug|Any CPU
		Release|Any CPU = Release|Any CPU
	EndGlobalSection
	GlobalSection(ProjectConfigurationPlatforms) = postSolution
		{72281100-3CC8-46FD-B5E5-EDC5A51D84F1}.Debug|Any CPU.ActiveCfg = Debug|Any CPU
		{72281100-3CC8-46FD-B5E5-EDC5A51D84F1}.Debug|Any CPU.Build.0 = Debug|Any CPU
		{72281100-3CC8-46FD-B5E5-EDC5A51D84F1}.Release|Any CPU.ActiveCfg = Release|Any CPU
		{72281100-3CC8-46FD-B5E5-EDC5A51D84F1}.Release|Any CPU.Build.0 = Release|Any CPU
	EndGlobalSection
	GlobalSection(SolutionProperties) = preSolution
		HideSolutionNode = FALSE
	EndGlobalSection
	GlobalSection(ExtensibilityGlobals) = postSolution
		SolutionGuid = {B697E447-A124-456E-9583-7A829999BB2C}
	EndGlobalSection
EndGlobal
